// !$*UTF8*$!
{
	archiveVersion = 1;
	classes = {
	};
	objectVersion = 46;
	objects = {

/* Begin PBXBuildFile section */
		CEAD5AE51DBD20D5002251F8 /* AppDelegate.swift in Sources */ = {isa = PBXBuildFile; fileRef = CEAD5AE41DBD20D5002251F8 /* AppDelegate.swift */; };
		CEAD5AE71DBD20D5002251F8 /* ViewController.swift in Sources */ = {isa = PBXBuildFile; fileRef = CEAD5AE61DBD20D5002251F8 /* ViewController.swift */; };
		CEAD5AEA1DBD20D5002251F8 /* Main.storyboard in Resources */ = {isa = PBXBuildFile; fileRef = CEAD5AE81DBD20D5002251F8 /* Main.storyboard */; };
		CEAD5AEC1DBD20D5002251F8 /* Assets.xcassets in Resources */ = {isa = PBXBuildFile; fileRef = CEAD5AEB1DBD20D5002251F8 /* Assets.xcassets */; };
		CEAD5AEF1DBD20D5002251F8 /* LaunchScreen.storyboard in Resources */ = {isa = PBXBuildFile; fileRef = CEAD5AED1DBD20D5002251F8 /* LaunchScreen.storyboard */; };
/* End PBXBuildFile section */

/* Begin PBXFileReference section */
		CEAD5AE11DBD20D4002251F8 /* WridrBeta.app */ = {isa = PBXFileReference; explicitFileType = wrapper.application; includeInIndex = 0; path = WridrBeta.app; sourceTree = BUILT_PRODUCTS_DIR; };
		CEAD5AE41DBD20D5002251F8 /* AppDelegate.swift */ = {isa = PBXFileReference; lastKnownFileType = sourcecode.swift; path = AppDelegate.swift; sourceTree = "<group>"; };
		CEAD5AE61DBD20D5002251F8 /* ViewController.swift */ = {isa = PBXFileReference; lastKnownFileType = sourcecode.swift; path = ViewController.swift; sourceTree = "<group>"; };
		CEAD5AE91DBD20D5002251F8 /* Base */ = {isa = PBXFileReference; lastKnownFileType = file.storyboard; name = Base; path = Base.lproj/Main.storyboard; sourceTree = "<group>"; };
		CEAD5AEB1DBD20D5002251F8 /* Assets.xcassets */ = {isa = PBXFileReference; lastKnownFileType = folder.assetcatalog; path = Assets.xcassets; sourceTree = "<group>"; };
		CEAD5AEE1DBD20D5002251F8 /* Base */ = {isa = PBXFileReference; lastKnownFileType = file.storyboard; name = Base; path = Base.lproj/LaunchScreen.storyboard; sourceTree = "<group>"; };
		CEAD5AF01DBD20D5002251F8 /* Info.plist */ = {isa = PBXFileReference; lastKnownFileType = text.plist.xml; path = Info.plist; sourceTree = "<group>"; };
/* End PBXFileReference section */

/* Begin PBXFrameworksBuildPhase section */
		CEAD5ADE1DBD20D4002251F8 /* Frameworks */ = {
			isa = PBXFrameworksBuildPhase;
			buildActionMask = 2147483647;
			files = (
			);
			runOnlyForDeploymentPostprocessing = 0;
		};
/* End PBXFrameworksBuildPhase section */

/* Begin PBXGroup section */
		CEAD5AD81DBD20D4002251F8 = {
			isa = PBXGroup;
			children = (
				CEAD5AE31DBD20D4002251F8 /* WridrBeta */,
				CEAD5AE21DBD20D4002251F8 /* Products */,
			);
			sourceTree = "<group>";
		};
		CEAD5AE21DBD20D4002251F8 /* Products */ = {
			isa = PBXGroup;
			children = (
				CEAD5AE11DBD20D4002251F8 /* WridrBeta.app */,
			);
			name = Products;
			sourceTree = "<group>";
		};
		CEAD5AE31DBD20D4002251F8 /* WridrBeta */ = {
			isa = PBXGroup;
			children = (
				CEAD5AE41DBD20D5002251F8 /* AppDelegate.swift */,
				CEAD5AE61DBD20D5002251F8 /* ViewController.swift */,
				CEAD5AE81DBD20D5002251F8 /* Main.storyboard */,
				CEAD5AEB1DBD20D5002251F8 /* Assets.xcassets */,
				CEAD5AED1DBD20D5002251F8 /* LaunchScreen.storyboard */,
				CEAD5AF01DBD20D5002251F8 /* Info.plist */,
			);
			path = WridrBeta;
			sourceTree = "<group>";
		};
/* End PBXGroup section */

/* Begin PBXNativeTarget section */
		CEAD5AE01DBD20D4002251F8 /* WridrBeta */ = {
			isa = PBXNativeTarget;
			buildConfigurationList = CEAD5AF31DBD20D5002251F8 /* Build configuration list for PBXNativeTarget "WridrBeta" */;
			buildPhases = (
				CEAD5ADD1DBD20D4002251F8 /* Sources */,
				CEAD5ADE1DBD20D4002251F8 /* Frameworks */,
				CEAD5ADF1DBD20D4002251F8 /* Resources */,
			);
			buildRules = (
			);
			dependencies = (
			);
			name = WridrBeta;
			productName = WridrBeta;
			productReference = CEAD5AE11DBD20D4002251F8 /* WridrBeta.app */;
			productType = "com.apple.product-type.application";
		};
/* End PBXNativeTarget section */

/* Begin PBXProject section */
		CEAD5AD91DBD20D4002251F8 /* Project object */ = {
			isa = PBXProject;
			attributes = {
				LastSwiftUpdateCheck = 0800;
				LastUpgradeCheck = 0800;
				ORGANIZATIONNAME = "Matthew Serna";
				TargetAttributes = {
					CEAD5AE01DBD20D4002251F8 = {
						CreatedOnToolsVersion = 8.0;
						ProvisioningStyle = Automatic;
					};
				};
			};
			buildConfigurationList = CEAD5ADC1DBD20D4002251F8 /* Build configuration list for PBXProject "WridrBeta" */;
			compatibilityVersion = "Xcode 3.2";
			developmentRegion = English;
			hasScannedForEncodings = 0;
			knownRegions = (
				en,
				Base,
			);
			mainGroup = CEAD5AD81DBD20D4002251F8;
			productRefGroup = CEAD5AE21DBD20D4002251F8 /* Products */;
			projectDirPath = "";
			projectRoot = "";
			targets = (
				CEAD5AE01DBD20D4002251F8 /* WridrBeta */,
			);
		};
/* End PBXProject section */

/* Begin PBXResourcesBuildPhase section */
		CEAD5ADF1DBD20D4002251F8 /* Resources */ = {
			isa = PBXResourcesBuildPhase;
			buildActionMask = 2147483647;
			files = (
				CEAD5AEF1DBD20D5002251F8 /* LaunchScreen.storyboard in Resources */,
				CEAD5AEC1DBD20D5002251F8 /* Assets.xcassets in Resources */,
				CEAD5AEA1DBD20D5002251F8 /* Main.storyboard in Resources */,
			);
			runOnlyForDeploymentPostprocessing = 0;
		};
/* End PBXResourcesBuildPhase section */

/* Begin PBXSourcesBuildPhase section */
		CEAD5ADD1DBD20D4002251F8 /* Sources */ = {
			isa = PBXSourcesBuildPhase;
			buildActionMask = 2147483647;
			files = (
				CEAD5AE71DBD20D5002251F8 /* ViewController.swift in Sources */,
				CEAD5AE51DBD20D5002251F8 /* AppDelegate.swift in Sources */,
			);
			runOnlyForDeploymentPostprocessing = 0;
		};
/* End PBXSourcesBuildPhase section */

/* Begin PBXVariantGroup section */
		CEAD5AE81DBD20D5002251F8 /* Main.storyboard */ = {
			isa = PBXVariantGroup;
			children = (
				CEAD5AE91DBD20D5002251F8 /* Base */,
			);
			name = Main.storyboard;
			sourceTree = "<group>";
		};
		CEAD5AED1DBD20D5002251F8 /* LaunchScreen.storyboard */ = {
			isa = PBXVariantGroup;
			children = (
				CEAD5AEE1DBD20D5002251F8 /* Base */,
			);
			name = LaunchScreen.storyboard;
			sourceTree = "<group>";
		};
/* End PBXVariantGroup section */

/* Begin XCBuildConfiguration section */
		CEAD5AF11DBD20D5002251F8 /* Debug */ = {
			isa = XCBuildConfiguration;
			buildSettings = {
				ALWAYS_SEARCH_USER_PATHS = NO;
				CLANG_ANALYZER_NONNULL = YES;
				CLANG_CXX_LANGUAGE_STANDARD = "gnu++0x";
				CLANG_CXX_LIBRARY = "libc++";
				CLANG_ENABLE_MODULES = YES;
				CLANG_ENABLE_OBJC_ARC = YES;
				CLANG_WARN_BOOL_CONVERSION = YES;
				CLANG_WARN_CONSTANT_CONVERSION = YES;
				CLANG_WARN_DIRECT_OBJC_ISA_USAGE = YES_ERROR;
				CLANG_WARN_DOCUMENTATION_COMMENTS = YES;
				CLANG_WARN_EMPTY_BODY = YES;
				CLANG_WARN_ENUM_CONVERSION = YES;
				CLANG_WARN_INFINITE_RECURSION = YES;
				CLANG_WARN_INT_CONVERSION = YES;
				CLANG_WARN_OBJC_ROOT_CLASS = YES_ERROR;
				CLANG_WARN_SUSPICIOUS_MOVES = YES;
				CLANG_WARN_UNREACHABLE_CODE = YES;
				CLANG_WARN__DUPLICATE_METHOD_MATCH = YES;
				"CODE_SIGN_IDENTITY[sdk=iphoneos*]" = "iPhone Developer";
				COPY_PHASE_STRIP = NO;
				DEBUG_INFORMATION_FORMAT = dwarf;
				ENABLE_STRICT_OBJC_MSGSEND = YES;
				ENABLE_TESTABILITY = YES;
				GCC_C_LANGUAGE_STANDARD = gnu99;
				GCC_DYNAMIC_NO_PIC = NO;
				GCC_NO_COMMON_BLOCKS = YES;
				GCC_OPTIMIZATION_LEVEL = 0;
				GCC_PREPROCESSOR_DEFINITIONS = (
					"DEBUG=1",
					"$(inherited)",
				);
				GCC_WARN_64_TO_32_BIT_CONVERSION = YES;
				GCC_WARN_ABOUT_RETURN_TYPE = YES_ERROR;
				GCC_WARN_UNDECLARED_SELECTOR = YES;
				GCC_WARN_UNINITIALIZED_AUTOS = YES_AGGRESSIVE;
				GCC_WARN_UNUSED_FUNCTION = YES;
				GCC_WARN_UNUSED_VARIABLE = YES;
				IPHONEOS_DEPLOYMENT_TARGET = 10.0;
				MTL_ENABLE_DEBUG_INFO = YES;
				ONLY_ACTIVE_ARCH = YES;
				SDKROOT = iphoneos;
				SWIFT_ACTIVE_COMPILATION_CONDITIONS = DEBUG;
				SWIFT_OPTIMIZATION_LEVEL = "-Onone";
				TARGETED_DEVICE_FAMILY = "1,2";
			};
			name = Debug;
		};
		CEAD5AF21DBD20D5002251F8 /* Release */ = {
			isa = XCBuildConfiguration;
			buildSettings = {
				ALWAYS_SEARCH_USER_PATHS = NO;
				CLANG_ANALYZER_NONNULL = YES;
				CLANG_CXX_LANGUAGE_STANDARD = "gnu++0x";
				CLANG_CXX_LIBRARY = "libc++";
				CLANG_ENABLE_MODULES = YES;
				CLANG_ENABLE_OBJC_ARC = YES;
				CLANG_WARN_BOOL_CONVERSION = YES;
				CLANG_WARN_CONSTANT_CONVERSION = YES;
				CLANG_WARN_DIRECT_OBJC_ISA_USAGE = YES_ERROR;
				CLANG_WARN_DOCUMENTATION_COMMENTS = YES;
				CLANG_WARN_EMPTY_BODY = YES;
				CLANG_WARN_ENUM_CONVERSION = YES;
				CLANG_WARN_INFINITE_RECURSION = YES;
				CLANG_WARN_INT_CONVERSION = YES;
				CLANG_WARN_OBJC_ROOT_CLASS = YES_ERROR;
				CLANG_WARN_SUSPICIOUS_MOVES = YES;
				CLANG_WARN_UNREACHABLE_CODE = YES;
				CLANG_WARN__DUPLICATE_METHOD_MATCH = YES;
				"CODE_SIGN_IDENTITY[sdk=iphoneos*]" = "iPhone Developer";
				COPY_PHASE_STRIP = NO;
				DEBUG_INFORMATION_FORMAT = "dwarf-with-dsym";
				ENABLE_NS_ASSERTIONS = NO;
				ENABLE_STRICT_OBJC_MSGSEND = YES;
				GCC_C_LANGUAGE_STANDARD = gnu99;
				GCC_NO_COMMON_BLOCKS = YES;
				GCC_WARN_64_TO_32_BIT_CONVERSION = YES;
				GCC_WARN_ABOUT_RETURN_TYPE = YES_ERROR;
				GCC_WARN_UNDECLARED_SELECTOR = YES;
				GCC_WARN_UNINITIALIZED_AUTOS = YES_AGGRESSIVE;
				GCC_WARN_UNUSED_FUNCTION = YES;
				GCC_WARN_UNUSED_VARIABLE = YES;
				IPHONEOS_DEPLOYMENT_TARGET = 10.0;
				MTL_ENABLE_DEBUG_INFO = NO;
				SDKROOT = iphoneos;
				SWIFT_OPTIMIZATION_LEVEL = "-Owholemodule";
				TARGETED_DEVICE_FAMILY = "1,2";
				VALIDATE_PRODUCT = YES;
			};
			name = Release;
		};
		CEAD5AF41DBD20D5002251F8 /* Debug */ = {
			isa = XCBuildConfiguration;
			buildSettings = {
				ASSETCATALOG_COMPILER_APPICON_NAME = AppIcon;
				INFOPLIST_FILE = WridrBeta/Info.plist;
				LD_RUNPATH_SEARCH_PATHS = "$(inherited) @executable_path/Frameworks";
				PRODUCT_BUNDLE_IDENTIFIER = com.example.WridrBeta;
				PRODUCT_NAME = "$(TARGET_NAME)";
				SWIFT_VERSION = 3.0;
			};
			name = Debug;
		};
		CEAD5AF51DBD20D5002251F8 /* Release */ = {
			isa = XCBuildConfiguration;
			buildSettings = {
				ASSETCATALOG_COMPILER_APPICON_NAME = AppIcon;
				INFOPLIST_FILE = WridrBeta/Info.plist;
				LD_RUNPATH_SEARCH_PATHS = "$(inherited) @executable_path/Frameworks";
				PRODUCT_BUNDLE_IDENTIFIER = com.example.WridrBeta;
				PRODUCT_NAME = "$(TARGET_NAME)";
				SWIFT_VERSION = 3.0;
			};
			name = Release;
		};
/* End XCBuildConfiguration section */

/* Begin XCConfigurationList section */
		CEAD5ADC1DBD20D4002251F8 /* Build configuration list for PBXProject "WridrBeta" */ = {
			isa = XCConfigurationList;
			buildConfigurations = (
				CEAD5AF11DBD20D5002251F8 /* Debug */,
				CEAD5AF21DBD20D5002251F8 /* Release */,
			);
			defaultConfigurationIsVisible = 0;
			defaultConfigurationName = Release;
		};
		CEAD5AF31DBD20D5002251F8 /* Build configuration list for PBXNativeTarget "WridrBeta" */ = {
			isa = XCConfigurationList;
			buildConfigurations = (
				CEAD5AF41DBD20D5002251F8 /* Debug */,
				CEAD5AF51DBD20D5002251F8 /* Release */,
			);
			defaultConfigurationIsVisible = 0;
		};
/* End XCConfigurationList section */
	};
	rootObject = CEAD5AD91DBD20D4002251F8 /* Project object */;
}
